
Microsoft Visual Studio Solution File, Format Version 12.00
# Visual Studio Version 17
VisualStudioVersion = 17.3.32804.467
MinimumVisualStudioVersion = 10.0.40219.1
Project("{FAE04EC0-301F-11D3-BF4B-00C04F79EFBC}") = "HelloWorldSample", "HelloWorldSample\HelloWorldSample.csproj", "{2347EEA5-4A4C-4D54-AEFB-CF077321B32B}"
EndProject
Project("{FAE04EC0-301F-11D3-BF4B-00C04F79EFBC}") = "Factorizer", "Factorizer\Factorizer.csproj", "{2D7C7E0F-B158-4585-B274-5DC5303240F0}"
EndProject
Project("{FAE04EC0-301F-11D3-BF4B-00C04F79EFBC}") = "FizzBizz", "FizzBizz\FizzBizz.csproj", "{E9DB7AD5-1E7C-4425-80C9-24512025A74D}"
EndProject
Project("{FAE04EC0-301F-11D3-BF4B-00C04F79EFBC}") = "RockPaperScissors", "RockPaperScissors\RockPaperScissors.csproj", "{45D6D404-4A27-45AF-AFDD-C51C37B84FFF}"
EndProject
Project("{FAE04EC0-301F-11D3-BF4B-00C04F79EFBC}") = "GoblinBattle", "GoblinBattle\GoblinBattle.csproj", "{DA29F3E5-1ACE-434A-8989-53FAB5845336}"
EndProject
Project("{FAE04EC0-301F-11D3-BF4B-00C04F79EFBC}") = "UseLinqCollection", "UseLinqCollection\UseLinqCollection.csproj", "{00B1D93E-C787-47EB-9B98-0BF8B9C3DAF2}"
EndProject
Global
	GlobalSection(SolutionConfigurationPlatforms) = preSolution
		Debug|Any CPU = Debug|Any CPU
		Release|Any CPU = Release|Any CPU
	EndGlobalSection
	GlobalSection(ProjectConfigurationPlatforms) = postSolution
		{2347EEA5-4A4C-4D54-AEFB-CF077321B32B}.Debug|Any CPU.ActiveCfg = Debug|Any CPU
		{2347EEA5-4A4C-4D54-AEFB-CF077321B32B}.Debug|Any CPU.Build.0 = Debug|Any CPU
		{2347EEA5-4A4C-4D54-AEFB-CF077321B32B}.Release|Any CPU.ActiveCfg = Release|Any CPU
		{2347EEA5-4A4C-4D54-AEFB-CF077321B32B}.Release|Any CPU.Build.0 = Release|Any CPU
		{2D7C7E0F-B158-4585-B274-5DC5303240F0}.Debug|Any CPU.ActiveCfg = Debug|Any CPU
		{2D7C7E0F-B158-4585-B274-5DC5303240F0}.Debug|Any CPU.Build.0 = Debug|Any CPU
		{2D7C7E0F-B158-4585-B274-5DC5303240F0}.Release|Any CPU.ActiveCfg = Release|Any CPU
		{2D7C7E0F-B158-4585-B274-5DC5303240F0}.Release|Any CPU.Build.0 = Release|Any CPU
		{E9DB7AD5-1E7C-4425-80C9-24512025A74D}.Debug|Any CPU.ActiveCfg = Debug|Any CPU
		{E9DB7AD5-1E7C-4425-80C9-24512025A74D}.Debug|Any CPU.Build.0 = Debug|Any CPU
		{E9DB7AD5-1E7C-4425-80C9-24512025A74D}.Release|Any CPU.ActiveCfg = Release|Any CPU
		{E9DB7AD5-1E7C-4425-80C9-24512025A74D}.Release|Any CPU.Build.0 = Release|Any CPU
		{45D6D404-4A27-45AF-AFDD-C51C37B84FFF}.Debug|Any CPU.ActiveCfg = Debug|Any CPU
		{45D6D404-4A27-45AF-AFDD-C51C37B84FFF}.Debug|Any CPU.Build.0 = Debug|Any CPU
		{45D6D404-4A27-45AF-AFDD-C51C37B84FFF}.Release|Any CPU.ActiveCfg = Release|Any CPU
		{45D6D404-4A27-45AF-AFDD-C51C37B84FFF}.Release|Any CPU.Build.0 = Release|Any CPU
		{DA29F3E5-1ACE-434A-8989-53FAB5845336}.Debug|Any CPU.ActiveCfg = Debug|Any CPU
		{DA29F3E5-1ACE-434A-8989-53FAB5845336}.Debug|Any CPU.Build.0 = Debug|Any CPU
		{DA29F3E5-1ACE-434A-8989-53FAB5845336}.Release|Any CPU.ActiveCfg = Release|Any CPU
		{DA29F3E5-1ACE-434A-8989-53FAB5845336}.Release|Any CPU.Build.0 = Release|Any CPU
		{00B1D93E-C787-47EB-9B98-0BF8B9C3DAF2}.Debug|Any CPU.ActiveCfg = Debug|Any CPU
		{00B1D93E-C787-47EB-9B98-0BF8B9C3DAF2}.Debug|Any CPU.Build.0 = Debug|Any CPU
		{00B1D93E-C787-47EB-9B98-0BF8B9C3DAF2}.Release|Any CPU.ActiveCfg = Release|Any CPU
		{00B1D93E-C787-47EB-9B98-0BF8B9C3DAF2}.Release|Any CPU.Build.0 = Release|Any CPU
	EndGlobalSection
	GlobalSection(SolutionProperties) = preSolution
		HideSolutionNode = FALSE
	EndGlobalSection
	GlobalSection(ExtensibilityGlobals) = postSolution
		SolutionGuid = {A3ECBA02-20B2-40AC-9DA7-E5B3C9956856}
	EndGlobalSection
EndGlobal
